// !$*UTF8*$!
{
	archiveVersion = 1;
	classes = {
	};
	objectVersion = 56;
	objects = {

/* Begin PBXBuildFile section */
		6B0EA21E29ABE5220035ABBE /* AppDelegate.swift in Sources */ = {isa = PBXBuildFile; fileRef = 6B0EA21D29ABE5220035ABBE /* AppDelegate.swift */; };
		6B0EA22029ABE5220035ABBE /* GameScene.sks in Resources */ = {isa = PBXBuildFile; fileRef = 6B0EA21F29ABE5220035ABBE /* GameScene.sks */; };
		6B0EA22229ABE5220035ABBE /* Actions.sks in Resources */ = {isa = PBXBuildFile; fileRef = 6B0EA22129ABE5220035ABBE /* Actions.sks */; };
		6B0EA22429ABE5220035ABBE /* GameScene.swift in Sources */ = {isa = PBXBuildFile; fileRef = 6B0EA22329ABE5220035ABBE /* GameScene.swift */; };
		6B0EA22629ABE5220035ABBE /* GameViewController.swift in Sources */ = {isa = PBXBuildFile; fileRef = 6B0EA22529ABE5220035ABBE /* GameViewController.swift */; };
		6B0EA22929ABE5220035ABBE /* Main.storyboard in Resources */ = {isa = PBXBuildFile; fileRef = 6B0EA22729ABE5220035ABBE /* Main.storyboard */; };
		6B0EA22B29ABE5230035ABBE /* Assets.xcassets in Resources */ = {isa = PBXBuildFile; fileRef = 6B0EA22A29ABE5230035ABBE /* Assets.xcassets */; };
		6B0EA22E29ABE5230035ABBE /* LaunchScreen.storyboard in Resources */ = {isa = PBXBuildFile; fileRef = 6B0EA22C29ABE5230035ABBE /* LaunchScreen.storyboard */; };
		6B0EA23829ABE5230035ABBE /* videojuegoTests.swift in Sources */ = {isa = PBXBuildFile; fileRef = 6B0EA23729ABE5230035ABBE /* videojuegoTests.swift */; };
		6B0EA24229ABE5230035ABBE /* videojuegoUITests.swift in Sources */ = {isa = PBXBuildFile; fileRef = 6B0EA24129ABE5230035ABBE /* videojuegoUITests.swift */; };
		6B0EA24429ABE5230035ABBE /* videojuegoUITestsLaunchTests.swift in Sources */ = {isa = PBXBuildFile; fileRef = 6B0EA24329ABE5230035ABBE /* videojuegoUITestsLaunchTests.swift */; };
/* End PBXBuildFile section */

/* Begin PBXContainerItemProxy section */
		6B0EA23429ABE5230035ABBE /* PBXContainerItemProxy */ = {
			isa = PBXContainerItemProxy;
			containerPortal = 6B0EA21229ABE5220035ABBE /* Project object */;
			proxyType = 1;
			remoteGlobalIDString = 6B0EA21929ABE5220035ABBE;
			remoteInfo = videojuego;
		};
		6B0EA23E29ABE5230035ABBE /* PBXContainerItemProxy */ = {
			isa = PBXContainerItemProxy;
			containerPortal = 6B0EA21229ABE5220035ABBE /* Project object */;
			proxyType = 1;
			remoteGlobalIDString = 6B0EA21929ABE5220035ABBE;
			remoteInfo = videojuego;
		};
/* End PBXContainerItemProxy section */

/* Begin PBXFileReference section */
		6B0EA21A29ABE5220035ABBE /* videojuego.app */ = {isa = PBXFileReference; explicitFileType = wrapper.application; includeInIndex = 0; path = videojuego.app; sourceTree = BUILT_PRODUCTS_DIR; };
		6B0EA21D29ABE5220035ABBE /* AppDelegate.swift */ = {isa = PBXFileReference; lastKnownFileType = sourcecode.swift; path = AppDelegate.swift; sourceTree = "<group>"; };
		6B0EA21F29ABE5220035ABBE /* GameScene.sks */ = {isa = PBXFileReference; lastKnownFileType = file.sks; path = GameScene.sks; sourceTree = "<group>"; };
		6B0EA22129ABE5220035ABBE /* Actions.sks */ = {isa = PBXFileReference; lastKnownFileType = file.sks; path = Actions.sks; sourceTree = "<group>"; };
		6B0EA22329ABE5220035ABBE /* GameScene.swift */ = {isa = PBXFileReference; lastKnownFileType = sourcecode.swift; path = GameScene.swift; sourceTree = "<group>"; };
		6B0EA22529ABE5220035ABBE /* GameViewController.swift */ = {isa = PBXFileReference; lastKnownFileType = sourcecode.swift; path = GameViewController.swift; sourceTree = "<group>"; };
		6B0EA22829ABE5220035ABBE /* Base */ = {isa = PBXFileReference; lastKnownFileType = file.storyboard; name = Base; path = Base.lproj/Main.storyboard; sourceTree = "<group>"; };
		6B0EA22A29ABE5230035ABBE /* Assets.xcassets */ = {isa = PBXFileReference; lastKnownFileType = folder.assetcatalog; path = Assets.xcassets; sourceTree = "<group>"; };
		6B0EA22D29ABE5230035ABBE /* Base */ = {isa = PBXFileReference; lastKnownFileType = file.storyboard; name = Base; path = Base.lproj/LaunchScreen.storyboard; sourceTree = "<group>"; };
		6B0EA23329ABE5230035ABBE /* videojuegoTests.xctest */ = {isa = PBXFileReference; explicitFileType = wrapper.cfbundle; includeInIndex = 0; path = videojuegoTests.xctest; sourceTree = BUILT_PRODUCTS_DIR; };
		6B0EA23729ABE5230035ABBE /* videojuegoTests.swift */ = {isa = PBXFileReference; lastKnownFileType = sourcecode.swift; path = videojuegoTests.swift; sourceTree = "<group>"; };
		6B0EA23D29ABE5230035ABBE /* videojuegoUITests.xctest */ = {isa = PBXFileReference; explicitFileType = wrapper.cfbundle; includeInIndex = 0; path = videojuegoUITests.xctest; sourceTree = BUILT_PRODUCTS_DIR; };
		6B0EA24129ABE5230035ABBE /* videojuegoUITests.swift */ = {isa = PBXFileReference; lastKnownFileType = sourcecode.swift; path = videojuegoUITests.swift; sourceTree = "<group>"; };
		6B0EA24329ABE5230035ABBE /* videojuegoUITestsLaunchTests.swift */ = {isa = PBXFileReference; lastKnownFileType = sourcecode.swift; path = videojuegoUITestsLaunchTests.swift; sourceTree = "<group>"; };
/* End PBXFileReference section */

/* Begin PBXFrameworksBuildPhase section */
		6B0EA21729ABE5220035ABBE /* Frameworks */ = {
			isa = PBXFrameworksBuildPhase;
			buildActionMask = 2147483647;
			files = (
			);
			runOnlyForDeploymentPostprocessing = 0;
		};
		6B0EA23029ABE5230035ABBE /* Frameworks */ = {
			isa = PBXFrameworksBuildPhase;
			buildActionMask = 2147483647;
			files = (
			);
			runOnlyForDeploymentPostprocessing = 0;
		};
		6B0EA23A29ABE5230035ABBE /* Frameworks */ = {
			isa = PBXFrameworksBuildPhase;
			buildActionMask = 2147483647;
			files = (
			);
			runOnlyForDeploymentPostprocessing = 0;
		};
/* End PBXFrameworksBuildPhase section */

/* Begin PBXGroup section */
		6B0EA21129ABE5220035ABBE = {
			isa = PBXGroup;
			children = (
				6B0EA21C29ABE5220035ABBE /* videojuego */,
				6B0EA23629ABE5230035ABBE /* videojuegoTests */,
				6B0EA24029ABE5230035ABBE /* videojuegoUITests */,
				6B0EA21B29ABE5220035ABBE /* Products */,
			);
			sourceTree = "<group>";
		};
		6B0EA21B29ABE5220035ABBE /* Products */ = {
			isa = PBXGroup;
			children = (
				6B0EA21A29ABE5220035ABBE /* videojuego.app */,
				6B0EA23329ABE5230035ABBE /* videojuegoTests.xctest */,
				6B0EA23D29ABE5230035ABBE /* videojuegoUITests.xctest */,
			);
			name = Products;
			sourceTree = "<group>";
		};
		6B0EA21C29ABE5220035ABBE /* videojuego */ = {
			isa = PBXGroup;
			children = (
				6B0EA21D29ABE5220035ABBE /* AppDelegate.swift */,
				6B0EA21F29ABE5220035ABBE /* GameScene.sks */,
				6B0EA22129ABE5220035ABBE /* Actions.sks */,
				6B0EA22329ABE5220035ABBE /* GameScene.swift */,
				6B0EA22529ABE5220035ABBE /* GameViewController.swift */,
				6B0EA22729ABE5220035ABBE /* Main.storyboard */,
				6B0EA22A29ABE5230035ABBE /* Assets.xcassets */,
				6B0EA22C29ABE5230035ABBE /* LaunchScreen.storyboard */,
			);
			path = videojuego;
			sourceTree = "<group>";
		};
		6B0EA23629ABE5230035ABBE /* videojuegoTests */ = {
			isa = PBXGroup;
			children = (
				6B0EA23729ABE5230035ABBE /* videojuegoTests.swift */,
			);
			path = videojuegoTests;
			sourceTree = "<group>";
		};
		6B0EA24029ABE5230035ABBE /* videojuegoUITests */ = {
			isa = PBXGroup;
			children = (
				6B0EA24129ABE5230035ABBE /* videojuegoUITests.swift */,
				6B0EA24329ABE5230035ABBE /* videojuegoUITestsLaunchTests.swift */,
			);
			path = videojuegoUITests;
			sourceTree = "<group>";
		};
/* End PBXGroup section */

/* Begin PBXNativeTarget section */
		6B0EA21929ABE5220035ABBE /* videojuego */ = {
			isa = PBXNativeTarget;
			buildConfigurationList = 6B0EA24729ABE5230035ABBE /* Build configuration list for PBXNativeTarget "videojuego" */;
			buildPhases = (
				6B0EA21629ABE5220035ABBE /* Sources */,
				6B0EA21729ABE5220035ABBE /* Frameworks */,
				6B0EA21829ABE5220035ABBE /* Resources */,
			);
			buildRules = (
			);
			dependencies = (
			);
			name = videojuego;
			productName = videojuego;
			productReference = 6B0EA21A29ABE5220035ABBE /* videojuego.app */;
			productType = "com.apple.product-type.application";
		};
		6B0EA23229ABE5230035ABBE /* videojuegoTests */ = {
			isa = PBXNativeTarget;
			buildConfigurationList = 6B0EA24A29ABE5230035ABBE /* Build configuration list for PBXNativeTarget "videojuegoTests" */;
			buildPhases = (
				6B0EA22F29ABE5230035ABBE /* Sources */,
				6B0EA23029ABE5230035ABBE /* Frameworks */,
				6B0EA23129ABE5230035ABBE /* Resources */,
			);
			buildRules = (
			);
			dependencies = (
				6B0EA23529ABE5230035ABBE /* PBXTargetDependency */,
			);
			name = videojuegoTests;
			productName = videojuegoTests;
			productReference = 6B0EA23329ABE5230035ABBE /* videojuegoTests.xctest */;
			productType = "com.apple.product-type.bundle.unit-test";
		};
		6B0EA23C29ABE5230035ABBE /* videojuegoUITests */ = {
			isa = PBXNativeTarget;
			buildConfigurationList = 6B0EA24D29ABE5230035ABBE /* Build configuration list for PBXNativeTarget "videojuegoUITests" */;
			buildPhases = (
				6B0EA23929ABE5230035ABBE /* Sources */,
				6B0EA23A29ABE5230035ABBE /* Frameworks */,
				6B0EA23B29ABE5230035ABBE /* Resources */,
			);
			buildRules = (
			);
			dependencies = (
				6B0EA23F29ABE5230035ABBE /* PBXTargetDependency */,
			);
			name = videojuegoUITests;
			productName = videojuegoUITests;
			productReference = 6B0EA23D29ABE5230035ABBE /* videojuegoUITests.xctest */;
			productType = "com.apple.product-type.bundle.ui-testing";
		};
/* End PBXNativeTarget section */

/* Begin PBXProject section */
		6B0EA21229ABE5220035ABBE /* Project object */ = {
			isa = PBXProject;
			attributes = {
				BuildIndependentTargetsInParallel = 1;
				LastSwiftUpdateCheck = 1420;
				LastUpgradeCheck = 1420;
				TargetAttributes = {
					6B0EA21929ABE5220035ABBE = {
						CreatedOnToolsVersion = 14.2;
					};
					6B0EA23229ABE5230035ABBE = {
						CreatedOnToolsVersion = 14.2;
						TestTargetID = 6B0EA21929ABE5220035ABBE;
					};
					6B0EA23C29ABE5230035ABBE = {
						CreatedOnToolsVersion = 14.2;
						TestTargetID = 6B0EA21929ABE5220035ABBE;
					};
				};
			};
			buildConfigurationList = 6B0EA21529ABE5220035ABBE /* Build configuration list for PBXProject "videojuego" */;
			compatibilityVersion = "Xcode 14.0";
			developmentRegion = en;
			hasScannedForEncodings = 0;
			knownRegions = (
				en,
				Base,
			);
			mainGroup = 6B0EA21129ABE5220035ABBE;
			productRefGroup = 6B0EA21B29ABE5220035ABBE /* Products */;
			projectDirPath = "";
			projectRoot = "";
			targets = (
				6B0EA21929ABE5220035ABBE /* videojuego */,
				6B0EA23229ABE5230035ABBE /* videojuegoTests */,
				6B0EA23C29ABE5230035ABBE /* videojuegoUITests */,
			);
		};
/* End PBXProject section */

/* Begin PBXResourcesBuildPhase section */
		6B0EA21829ABE5220035ABBE /* Resources */ = {
			isa = PBXResourcesBuildPhase;
			buildActionMask = 2147483647;
			files = (
				6B0EA22929ABE5220035ABBE /* Main.storyboard in Resources */,
				6B0EA22029ABE5220035ABBE /* GameScene.sks in Resources */,
				6B0EA22B29ABE5230035ABBE /* Assets.xcassets in Resources */,
				6B0EA22E29ABE5230035ABBE /* LaunchScreen.storyboard in Resources */,
				6B0EA22229ABE5220035ABBE /* Actions.sks in Resources */,
			);
			runOnlyForDeploymentPostprocessing = 0;
		};
		6B0EA23129ABE5230035ABBE /* Resources */ = {
			isa = PBXResourcesBuildPhase;
			buildActionMask = 2147483647;
			files = (
			);
			runOnlyForDeploymentPostprocessing = 0;
		};
		6B0EA23B29ABE5230035ABBE /* Resources */ = {
			isa = PBXResourcesBuildPhase;
			buildActionMask = 2147483647;
			files = (
			);
			runOnlyForDeploymentPostprocessing = 0;
		};
/* End PBXResourcesBuildPhase section */

/* Begin PBXSourcesBuildPhase section */
		6B0EA21629ABE5220035ABBE /* Sources */ = {
			isa = PBXSourcesBuildPhase;
			buildActionMask = 2147483647;
			files = (
				6B0EA22429ABE5220035ABBE /* GameScene.swift in Sources */,
				6B0EA22629ABE5220035ABBE /* GameViewController.swift in Sources */,
				6B0EA21E29ABE5220035ABBE /* AppDelegate.swift in Sources */,
			);
			runOnlyForDeploymentPostprocessing = 0;
		};
		6B0EA22F29ABE5230035ABBE /* Sources */ = {
			isa = PBXSourcesBuildPhase;
			buildActionMask = 2147483647;
			files = (
				6B0EA23829ABE5230035ABBE /* videojuegoTests.swift in Sources */,
			);
			runOnlyForDeploymentPostprocessing = 0;
		};
		6B0EA23929ABE5230035ABBE /* Sources */ = {
			isa = PBXSourcesBuildPhase;
			buildActionMask = 2147483647;
			files = (
				6B0EA24229ABE5230035ABBE /* videojuegoUITests.swift in Sources */,
				6B0EA24429ABE5230035ABBE /* videojuegoUITestsLaunchTests.swift in Sources */,
			);
			runOnlyForDeploymentPostprocessing = 0;
		};
/* End PBXSourcesBuildPhase section */

/* Begin PBXTargetDependency section */
		6B0EA23529ABE5230035ABBE /* PBXTargetDependency */ = {
			isa = PBXTargetDependency;
			target = 6B0EA21929ABE5220035ABBE /* videojuego */;
			targetProxy = 6B0EA23429ABE5230035ABBE /* PBXContainerItemProxy */;
		};
		6B0EA23F29ABE5230035ABBE /* PBXTargetDependency */ = {
			isa = PBXTargetDependency;
			target = 6B0EA21929ABE5220035ABBE /* videojuego */;
			targetProxy = 6B0EA23E29ABE5230035ABBE /* PBXContainerItemProxy */;
		};
/* End PBXTargetDependency section */

/* Begin PBXVariantGroup section */
		6B0EA22729ABE5220035ABBE /* Main.storyboard */ = {
			isa = PBXVariantGroup;
			children = (
				6B0EA22829ABE5220035ABBE /* Base */,
			);
			name = Main.storyboard;
			sourceTree = "<group>";
		};
		6B0EA22C29ABE5230035ABBE /* LaunchScreen.storyboard */ = {
			isa = PBXVariantGroup;
			children = (
				6B0EA22D29ABE5230035ABBE /* Base */,
			);
			name = LaunchScreen.storyboard;
			sourceTree = "<group>";
		};
/* End PBXVariantGroup section */

/* Begin XCBuildConfiguration section */
		6B0EA24529ABE5230035ABBE /* Debug */ = {
			isa = XCBuildConfiguration;
			buildSettings = {
				ALWAYS_SEARCH_USER_PATHS = NO;
				CLANG_ANALYZER_NONNULL = YES;
				CLANG_ANALYZER_NUMBER_OBJECT_CONVERSION = YES_AGGRESSIVE;
				CLANG_CXX_LANGUAGE_STANDARD = "gnu++20";
				CLANG_ENABLE_MODULES = YES;
				CLANG_ENABLE_OBJC_ARC = YES;
				CLANG_ENABLE_OBJC_WEAK = YES;
				CLANG_WARN_BLOCK_CAPTURE_AUTORELEASING = YES;
				CLANG_WARN_BOOL_CONVERSION = YES;
				CLANG_WARN_COMMA = YES;
				CLANG_WARN_CONSTANT_CONVERSION = YES;
				CLANG_WARN_DEPRECATED_OBJC_IMPLEMENTATIONS = YES;
				CLANG_WARN_DIRECT_OBJC_ISA_USAGE = YES_ERROR;
				CLANG_WARN_DOCUMENTATION_COMMENTS = YES;
				CLANG_WARN_EMPTY_BODY = YES;
				CLANG_WARN_ENUM_CONVERSION = YES;
				CLANG_WARN_INFINITE_RECURSION = YES;
				CLANG_WARN_INT_CONVERSION = YES;
				CLANG_WARN_NON_LITERAL_NULL_CONVERSION = YES;
				CLANG_WARN_OBJC_IMPLICIT_RETAIN_SELF = YES;
				CLANG_WARN_OBJC_LITERAL_CONVERSION = YES;
				CLANG_WARN_OBJC_ROOT_CLASS = YES_ERROR;
				CLANG_WARN_QUOTED_INCLUDE_IN_FRAMEWORK_HEADER = YES;
				CLANG_WARN_RANGE_LOOP_ANALYSIS = YES;
				CLANG_WARN_STRICT_PROTOTYPES = YES;
				CLANG_WARN_SUSPICIOUS_MOVE = YES;
				CLANG_WARN_UNGUARDED_AVAILABILITY = YES_AGGRESSIVE;
				CLANG_WARN_UNREACHABLE_CODE = YES;
				CLANG_WARN__DUPLICATE_METHOD_MATCH = YES;
				COPY_PHASE_STRIP = NO;
				DEBUG_INFORMATION_FORMAT = dwarf;
				ENABLE_STRICT_OBJC_MSGSEND = YES;
				ENABLE_TESTABILITY = YES;
				GCC_C_LANGUAGE_STANDARD = gnu11;
				GCC_DYNAMIC_NO_PIC = NO;
				GCC_NO_COMMON_BLOCKS = YES;
				GCC_OPTIMIZATION_LEVEL = 0;
				GCC_PREPROCESSOR_DEFINITIONS = (
					"DEBUG=1",
					"$(inherited)",
				);
				GCC_WARN_64_TO_32_BIT_CONVERSION = YES;
				GCC_WARN_ABOUT_RETURN_TYPE = YES_ERROR;
				GCC_WARN_UNDECLARED_SELECTOR = YES;
				GCC_WARN_UNINITIALIZED_AUTOS = YES_AGGRESSIVE;
				GCC_WARN_UNUSED_FUNCTION = YES;
				GCC_WARN_UNUSED_VARIABLE = YES;
				IPHONEOS_DEPLOYMENT_TARGET = 16.2;
				MTL_ENABLE_DEBUG_INFO = INCLUDE_SOURCE;
				MTL_FAST_MATH = YES;
				ONLY_ACTIVE_ARCH = YES;
				SDKROOT = iphoneos;
				SWIFT_ACTIVE_COMPILATION_CONDITIONS = DEBUG;
				SWIFT_OPTIMIZATION_LEVEL = "-Onone";
			};
			name = Debug;
		};
		6B0EA24629ABE5230035ABBE /* Release */ = {
			isa = XCBuildConfiguration;
			buildSettings = {
				ALWAYS_SEARCH_USER_PATHS = NO;
				CLANG_ANALYZER_NONNULL = YES;
				CLANG_ANALYZER_NUMBER_OBJECT_CONVERSION = YES_AGGRESSIVE;
				CLANG_CXX_LANGUAGE_STANDARD = "gnu++20";
				CLANG_ENABLE_MODULES = YES;
				CLANG_ENABLE_OBJC_ARC = YES;
				CLANG_ENABLE_OBJC_WEAK = YES;
				CLANG_WARN_BLOCK_CAPTURE_AUTORELEASING = YES;
				CLANG_WARN_BOOL_CONVERSION = YES;
				CLANG_WARN_COMMA = YES;
				CLANG_WARN_CONSTANT_CONVERSION = YES;
				CLANG_WARN_DEPRECATED_OBJC_IMPLEMENTATIONS = YES;
				CLANG_WARN_DIRECT_OBJC_ISA_USAGE = YES_ERROR;
				CLANG_WARN_DOCUMENTATION_COMMENTS = YES;
				CLANG_WARN_EMPTY_BODY = YES;
				CLANG_WARN_ENUM_CONVERSION = YES;
				CLANG_WARN_INFINITE_RECURSION = YES;
				CLANG_WARN_INT_CONVERSION = YES;
				CLANG_WARN_NON_LITERAL_NULL_CONVERSION = YES;
				CLANG_WARN_OBJC_IMPLICIT_RETAIN_SELF = YES;
				CLANG_WARN_OBJC_LITERAL_CONVERSION = YES;
				CLANG_WARN_OBJC_ROOT_CLASS = YES_ERROR;
				CLANG_WARN_QUOTED_INCLUDE_IN_FRAMEWORK_HEADER = YES;
				CLANG_WARN_RANGE_LOOP_ANALYSIS = YES;
				CLANG_WARN_STRICT_PROTOTYPES = YES;
				CLANG_WARN_SUSPICIOUS_MOVE = YES;
				CLANG_WARN_UNGUARDED_AVAILABILITY = YES_AGGRESSIVE;
				CLANG_WARN_UNREACHABLE_CODE = YES;
				CLANG_WARN__DUPLICATE_METHOD_MATCH = YES;
				COPY_PHASE_STRIP = NO;
				DEBUG_INFORMATION_FORMAT = "dwarf-with-dsym";
				ENABLE_NS_ASSERTIONS = NO;
				ENABLE_STRICT_OBJC_MSGSEND = YES;
				GCC_C_LANGUAGE_STANDARD = gnu11;
				GCC_NO_COMMON_BLOCKS = YES;
				GCC_WARN_64_TO_32_BIT_CONVERSION = YES;
				GCC_WARN_ABOUT_RETURN_TYPE = YES_ERROR;
				GCC_WARN_UNDECLARED_SELECTOR = YES;
				GCC_WARN_UNINITIALIZED_AUTOS = YES_AGGRESSIVE;
				GCC_WARN_UNUSED_FUNCTION = YES;
				GCC_WARN_UNUSED_VARIABLE = YES;
				IPHONEOS_DEPLOYMENT_TARGET = 16.2;
				MTL_ENABLE_DEBUG_INFO = NO;
				MTL_FAST_MATH = YES;
				SDKROOT = iphoneos;
				SWIFT_COMPILATION_MODE = wholemodule;
				SWIFT_OPTIMIZATION_LEVEL = "-O";
				VALIDATE_PRODUCT = YES;
			};
			name = Release;
		};
		6B0EA24829ABE5230035ABBE /* Debug */ = {
			isa = XCBuildConfiguration;
			buildSettings = {
				ASSETCATALOG_COMPILER_APPICON_NAME = AppIcon;
				ASSETCATALOG_COMPILER_GLOBAL_ACCENT_COLOR_NAME = AccentColor;
				CODE_SIGN_STYLE = Automatic;
				CURRENT_PROJECT_VERSION = 1;
				GENERATE_INFOPLIST_FILE = YES;
				INFOPLIST_KEY_UIApplicationSupportsIndirectInputEvents = YES;
				INFOPLIST_KEY_UILaunchStoryboardName = LaunchScreen;
				INFOPLIST_KEY_UIMainStoryboardFile = Main;
				INFOPLIST_KEY_UIStatusBarHidden = YES;
				INFOPLIST_KEY_UISupportedInterfaceOrientations_iPad = "UIInterfaceOrientationPortrait UIInterfaceOrientationPortraitUpsideDown UIInterfaceOrientationLandscapeLeft UIInterfaceOrientationLandscapeRight";
				INFOPLIST_KEY_UISupportedInterfaceOrientations_iPhone = "UIInterfaceOrientationPortrait UIInterfaceOrientationLandscapeLeft UIInterfaceOrientationLandscapeRight";
				LD_RUNPATH_SEARCH_PATHS = (
					"$(inherited)",
					"@executable_path/Frameworks",
				);
				MARKETING_VERSION = 1.0;
				PRODUCT_BUNDLE_IDENTIFIER = clc.videojuego;
				PRODUCT_NAME = "$(TARGET_NAME)";
				SWIFT_EMIT_LOC_STRINGS = YES;
				SWIFT_VERSION = 5.0;
				TARGETED_DEVICE_FAMILY = "1,2";
			};
			name = Debug;
		};
		6B0EA24929ABE5230035ABBE /* Release */ = {
			isa = XCBuildConfiguration;
			buildSettings = {
				ASSETCATALOG_COMPILER_APPICON_NAME = AppIcon;
				ASSETCATALOG_COMPILER_GLOBAL_ACCENT_COLOR_NAME = AccentColor;
				CODE_SIGN_STYLE = Automatic;
				CURRENT_PROJECT_VERSION = 1;
				GENERATE_INFOPLIST_FILE = YES;
				INFOPLIST_KEY_UIApplicationSupportsIndirectInputEvents = YES;
				INFOPLIST_KEY_UILaunchStoryboardName = LaunchScreen;
				INFOPLIST_KEY_UIMainStoryboardFile = Main;
				INFOPLIST_KEY_UIStatusBarHidden = YES;
				INFOPLIST_KEY_UISupportedInterfaceOrientations_iPad = "UIInterfaceOrientationPortrait UIInterfaceOrientationPortraitUpsideDown UIInterfaceOrientationLandscapeLeft UIInterfaceOrientationLandscapeRight";
				INFOPLIST_KEY_UISupportedInterfaceOrientations_iPhone = "UIInterfaceOrientationPortrait UIInterfaceOrientationLandscapeLeft UIInterfaceOrientationLandscapeRight";
				LD_RUNPATH_SEARCH_PATHS = (
					"$(inherited)",
					"@executable_path/Frameworks",
				);
				MARKETING_VERSION = 1.0;
				PRODUCT_BUNDLE_IDENTIFIER = clc.videojuego;
				PRODUCT_NAME = "$(TARGET_NAME)";
				SWIFT_EMIT_LOC_STRINGS = YES;
				SWIFT_VERSION = 5.0;
				TARGETED_DEVICE_FAMILY = "1,2";
			};
			name = Release;
		};
		6B0EA24B29ABE5230035ABBE /* Debug */ = {
			isa = XCBuildConfiguration;
			buildSettings = {
				ALWAYS_EMBED_SWIFT_STANDARD_LIBRARIES = YES;
				BUNDLE_LOADER = "$(TEST_HOST)";
				CODE_SIGN_STYLE = Automatic;
				CURRENT_PROJECT_VERSION = 1;
				GENERATE_INFOPLIST_FILE = YES;
				IPHONEOS_DEPLOYMENT_TARGET = 16.2;
				MARKETING_VERSION = 1.0;
				PRODUCT_BUNDLE_IDENTIFIER = clc.videojuegoTests;
				PRODUCT_NAME = "$(TARGET_NAME)";
				SWIFT_EMIT_LOC_STRINGS = NO;
				SWIFT_VERSION = 5.0;
				TARGETED_DEVICE_FAMILY = "1,2";
				TEST_HOST = "$(BUILT_PRODUCTS_DIR)/videojuego.app/$(BUNDLE_EXECUTABLE_FOLDER_PATH)/videojuego";
			};
			name = Debug;
		};
		6B0EA24C29ABE5230035ABBE /* Release */ = {
			isa = XCBuildConfiguration;
			buildSettings = {
				ALWAYS_EMBED_SWIFT_STANDARD_LIBRARIES = YES;
				BUNDLE_LOADER = "$(TEST_HOST)";
				CODE_SIGN_STYLE = Automatic;
				CURRENT_PROJECT_VERSION = 1;
				GENERATE_INFOPLIST_FILE = YES;
				IPHONEOS_DEPLOYMENT_TARGET = 16.2;
				MARKETING_VERSION = 1.0;
				PRODUCT_BUNDLE_IDENTIFIER = clc.videojuegoTests;
				PRODUCT_NAME = "$(TARGET_NAME)";
				SWIFT_EMIT_LOC_STRINGS = NO;
				SWIFT_VERSION = 5.0;
				TARGETED_DEVICE_FAMILY = "1,2";
				TEST_HOST = "$(BUILT_PRODUCTS_DIR)/videojuego.app/$(BUNDLE_EXECUTABLE_FOLDER_PATH)/videojuego";
			};
			name = Release;
		};
		6B0EA24E29ABE5230035ABBE /* Debug */ = {
			isa = XCBuildConfiguration;
			buildSettings = {
				ALWAYS_EMBED_SWIFT_STANDARD_LIBRARIES = YES;
				CODE_SIGN_STYLE = Automatic;
				CURRENT_PROJECT_VERSION = 1;
				GENERATE_INFOPLIST_FILE = YES;
				MARKETING_VERSION = 1.0;
				PRODUCT_BUNDLE_IDENTIFIER = clc.videojuegoUITests;
				PRODUCT_NAME = "$(TARGET_NAME)";
				SWIFT_EMIT_LOC_STRINGS = NO;
				SWIFT_VERSION = 5.0;
				TARGETED_DEVICE_FAMILY = "1,2";
				TEST_TARGET_NAME = videojuego;
			};
			name = Debug;
		};
		6B0EA24F29ABE5230035ABBE /* Release */ = {
			isa = XCBuildConfiguration;
			buildSettings = {
				ALWAYS_EMBED_SWIFT_STANDARD_LIBRARIES = YES;
				CODE_SIGN_STYLE = Automatic;
				CURRENT_PROJECT_VERSION = 1;
				GENERATE_INFOPLIST_FILE = YES;
				MARKETING_VERSION = 1.0;
				PRODUCT_BUNDLE_IDENTIFIER = clc.videojuegoUITests;
				PRODUCT_NAME = "$(TARGET_NAME)";
				SWIFT_EMIT_LOC_STRINGS = NO;
				SWIFT_VERSION = 5.0;
				TARGETED_DEVICE_FAMILY = "1,2";
				TEST_TARGET_NAME = videojuego;
			};
			name = Release;
		};
/* End XCBuildConfiguration section */

/* Begin XCConfigurationList section */
		6B0EA21529ABE5220035ABBE /* Build configuration list for PBXProject "videojuego" */ = {
			isa = XCConfigurationList;
			buildConfigurations = (
				6B0EA24529ABE5230035ABBE /* Debug */,
				6B0EA24629ABE5230035ABBE /* Release */,
			);
			defaultConfigurationIsVisible = 0;
			defaultConfigurationName = Release;
		};
		6B0EA24729ABE5230035ABBE /* Build configuration list for PBXNativeTarget "videojuego" */ = {
			isa = XCConfigurationList;
			buildConfigurations = (
				6B0EA24829ABE5230035ABBE /* Debug */,
				6B0EA24929ABE5230035ABBE /* Release */,
			);
			defaultConfigurationIsVisible = 0;
			defaultConfigurationName = Release;
		};
		6B0EA24A29ABE5230035ABBE /* Build configuration list for PBXNativeTarget "videojuegoTests" */ = {
			isa = XCConfigurationList;
			buildConfigurations = (
				6B0EA24B29ABE5230035ABBE /* Debug */,
				6B0EA24C29ABE5230035ABBE /* Release */,
			);
			defaultConfigurationIsVisible = 0;
			defaultConfigurationName = Release;
		};
		6B0EA24D29ABE5230035ABBE /* Build configuration list for PBXNativeTarget "videojuegoUITests" */ = {
			isa = XCConfigurationList;
			buildConfigurations = (
				6B0EA24E29ABE5230035ABBE /* Debug */,
				6B0EA24F29ABE5230035ABBE /* Release */,
			);
			defaultConfigurationIsVisible = 0;
			defaultConfigurationName = Release;
		};
/* End XCConfigurationList section */
	};
	rootObject = 6B0EA21229ABE5220035ABBE /* Project object */;
}
